views:
  elements_colorblock:
    config:
      set_defaults: true
      rejected_field_names: ''
    new:
      title:
        label: 'Title'
        icon: 'heading'
        type: 'string'
        maxlength: '85'
        hint: 'Limited to 85 characters'
      title_alignment:
        label: 'Alignment'
        type: 'fixed_dropdown'
        icon: 'align left'
        options:
          - 'left'
          - 'centered'
          - 'right'
          - 'justified'
        advanced: true
      summary:
        label: 'Summary'
        icon: 'text width'
        type: 'text'
      summary_alignment:
        label: 'Alignment'
        type: 'fixed_dropdown'
        icon: 'align left'
        options:
          - 'left'
          - 'centered'
          - 'right'
          - 'justified'
        advanced: true
      color:
        label: 'Background'
        icon: 'circle'
        type: 'color'
        default: 'black'
